{
	"name": "whynot.fail",
	"lockfileVersion": 2,
	"requires": true,
	"packages": {
		"": {
			"dependencies": {
				"@fortawesome/fontawesome-free": "*",
				"fontsource-raleway": "*",
				"lunr": "*"
			}
		},
		"node_modules/@fortawesome/fontawesome-free": {
			"version": "5.15.0",
			"resolved": "https://registry.npmjs.org/@fortawesome/fontawesome-free/-/fontawesome-free-5.15.0.tgz",
			"integrity": "sha512-wXetjQBNMTP59MAYNR1tdahMDOLx3FYj3PKdso7PLFLDpTvmAIqhSSEqnSTmWKahRjD+Sh5I5635+5qaoib5lw==",
			"hasInstallScript": true,
			"engines": {
				"node": ">=6"
			}
		},
		"node_modules/fontsource-raleway": {
			"version": "3.0.3",
			"resolved": "https://registry.npmjs.org/fontsource-raleway/-/fontsource-raleway-3.0.3.tgz",
			"integrity": "sha512-ZhtjGOC1OuWJKWtUetJW9aFGWKjHE8/Aj1f4xNSuZDYBo6BmR5lL1fo3H4H96rHHtxxz+J7OU/XajAxAFcYXAw==",
			"deprecated": "Package relocated. Please install and migrate to @fontsource/raleway."
		},
		"node_modules/lunr": {
			"version": "2.3.9",
			"resolved": "https://registry.npmjs.org/lunr/-/lunr-2.3.9.tgz",
			"integrity": "sha512-zTU3DaZaF3Rt9rhN3uBMGQD3dD2/vFQqnvZCDv4dl5iOzq2IZQqTxu90r4E5J+nP70J3ilqVCrbho2eWaeW8Ow=="
		}
	},
	"dependencies": {
		"@fortawesome/fontawesome-free": {
			"version": "5.15.0",
			"resolved": "https://registry.npmjs.org/@fortawesome/fontawesome-free/-/fontawesome-free-5.15.0.tgz",
			"integrity": "sha512-wXetjQBNMTP59MAYNR1tdahMDOLx3FYj3PKdso7PLFLDpTvmAIqhSSEqnSTmWKahRjD+Sh5I5635+5qaoib5lw=="
		},
		"fontsource-raleway": {
			"version": "3.0.3",
			"resolved": "https://registry.npmjs.org/fontsource-raleway/-/fontsource-raleway-3.0.3.tgz",
			"integrity": "sha512-ZhtjGOC1OuWJKWtUetJW9aFGWKjHE8/Aj1f4xNSuZDYBo6BmR5lL1fo3H4H96rHHtxxz+J7OU/XajAxAFcYXAw=="
		},
		"lunr": {
			"version": "2.3.9",
			"resolved": "https://registry.npmjs.org/lunr/-/lunr-2.3.9.tgz",
			"integrity": "sha512-zTU3DaZaF3Rt9rhN3uBMGQD3dD2/vFQqnvZCDv4dl5iOzq2IZQqTxu90r4E5J+nP70J3ilqVCrbho2eWaeW8Ow=="
		}
	}
}
